{
  "name": "CLI-port",
  "version": "1.0.0",
  "lockfileVersion": 3,
  "requires": true,
  "private": true,
  "packages": {},
  "devDependencies": {
    "nodemon": "^2.0.19",
    "webpack": "^5.0.0",
    "webpack-cli": "^5.0.0"
  },
  "engines": {
    "node": ">=16.0.0"
  },
  "scripts": {
    "build": "webpack --config webpack.config.js",
    "dev": "nodemon index.js",
    "start": "node index.js"
  }
}
